
Microsoft Visual Studio Solution File, Format Version 12.00
# Visual Studio Version 17
VisualStudioVersion = 17.0.31903.59
MinimumVisualStudioVersion = 10.0.40219.1
Project("{2150E333-8FDC-42A3-9474-1A3956D46DE8}") = "src", "src", "{F8FD516B-7513-4EC4-89F1-A03FE69C74F2}"
EndProject
Project("{FAE04EC0-301F-11D3-BF4B-00C04F79EFBC}") = "PulseTrack.Domain", "src\PulseTrack.Domain\PulseTrack.Domain.csproj", "{31AD4D3D-63CC-406C-AAA9-11BF540F5701}"
EndProject
Project("{FAE04EC0-301F-11D3-BF4B-00C04F79EFBC}") = "PulseTrack.Application", "src\PulseTrack.Application\PulseTrack.Application.csproj", "{0FF3CE0C-757C-4445-8126-5A7D9845E089}"
EndProject
Project("{FAE04EC0-301F-11D3-BF4B-00C04F79EFBC}") = "PulseTrack.Presentation", "src\PulseTrack.Presentation\PulseTrack.Presentation.csproj", "{AAB2DC71-C072-4477-B3CB-2FDEC8E5A9D4}"
EndProject
Project("{FAE04EC0-301F-11D3-BF4B-00C04F79EFBC}") = "PulseTrack.Infrastructure", "src\PulseTrack.Infrastructure\PulseTrack.Infrastructure.csproj", "{E0F21379-4A85-4B5D-A388-44C2C0614732}"
EndProject
Project("{FAE04EC0-301F-11D3-BF4B-00C04F79EFBC}") = "PulseTrack.App", "src\PulseTrack.App\PulseTrack.App.csproj", "{117DD36D-0861-4EAF-8D12-AA2713D31FE9}"
EndProject
Project("{FAE04EC0-301F-11D3-BF4B-00C04F79EFBC}") = "PulseTrack.Shared", "src\PulseTrack.Shared\PulseTrack.Shared.csproj", "{3253459F-162E-4729-BE74-A2F788A3AF66}"
EndProject
Global
	GlobalSection(SolutionConfigurationPlatforms) = preSolution
		Debug|Any CPU = Debug|Any CPU
		Release|Any CPU = Release|Any CPU
	EndGlobalSection
	GlobalSection(SolutionProperties) = preSolution
		HideSolutionNode = FALSE
	EndGlobalSection
	GlobalSection(ProjectConfigurationPlatforms) = postSolution
		{31AD4D3D-63CC-406C-AAA9-11BF540F5701}.Debug|Any CPU.ActiveCfg = Debug|Any CPU
		{31AD4D3D-63CC-406C-AAA9-11BF540F5701}.Debug|Any CPU.Build.0 = Debug|Any CPU
		{31AD4D3D-63CC-406C-AAA9-11BF540F5701}.Release|Any CPU.ActiveCfg = Release|Any CPU
		{31AD4D3D-63CC-406C-AAA9-11BF540F5701}.Release|Any CPU.Build.0 = Release|Any CPU
		{0FF3CE0C-757C-4445-8126-5A7D9845E089}.Debug|Any CPU.ActiveCfg = Debug|Any CPU
		{0FF3CE0C-757C-4445-8126-5A7D9845E089}.Debug|Any CPU.Build.0 = Debug|Any CPU
		{0FF3CE0C-757C-4445-8126-5A7D9845E089}.Release|Any CPU.ActiveCfg = Release|Any CPU
		{0FF3CE0C-757C-4445-8126-5A7D9845E089}.Release|Any CPU.Build.0 = Release|Any CPU
		{AAB2DC71-C072-4477-B3CB-2FDEC8E5A9D4}.Debug|Any CPU.ActiveCfg = Debug|Any CPU
		{AAB2DC71-C072-4477-B3CB-2FDEC8E5A9D4}.Debug|Any CPU.Build.0 = Debug|Any CPU
		{AAB2DC71-C072-4477-B3CB-2FDEC8E5A9D4}.Release|Any CPU.ActiveCfg = Release|Any CPU
		{AAB2DC71-C072-4477-B3CB-2FDEC8E5A9D4}.Release|Any CPU.Build.0 = Release|Any CPU
		{E0F21379-4A85-4B5D-A388-44C2C0614732}.Debug|Any CPU.ActiveCfg = Debug|Any CPU
		{E0F21379-4A85-4B5D-A388-44C2C0614732}.Debug|Any CPU.Build.0 = Debug|Any CPU
		{E0F21379-4A85-4B5D-A388-44C2C0614732}.Release|Any CPU.ActiveCfg = Release|Any CPU
		{E0F21379-4A85-4B5D-A388-44C2C0614732}.Release|Any CPU.Build.0 = Release|Any CPU
		{117DD36D-0861-4EAF-8D12-AA2713D31FE9}.Debug|Any CPU.ActiveCfg = Debug|Any CPU
		{117DD36D-0861-4EAF-8D12-AA2713D31FE9}.Debug|Any CPU.Build.0 = Debug|Any CPU
		{117DD36D-0861-4EAF-8D12-AA2713D31FE9}.Release|Any CPU.ActiveCfg = Release|Any CPU
		{117DD36D-0861-4EAF-8D12-AA2713D31FE9}.Release|Any CPU.Build.0 = Release|Any CPU
		{3253459F-162E-4729-BE74-A2F788A3AF66}.Debug|Any CPU.ActiveCfg = Debug|Any CPU
		{3253459F-162E-4729-BE74-A2F788A3AF66}.Debug|Any CPU.Build.0 = Debug|Any CPU
		{3253459F-162E-4729-BE74-A2F788A3AF66}.Release|Any CPU.ActiveCfg = Release|Any CPU
		{3253459F-162E-4729-BE74-A2F788A3AF66}.Release|Any CPU.Build.0 = Release|Any CPU
	EndGlobalSection
	GlobalSection(NestedProjects) = preSolution
		{31AD4D3D-63CC-406C-AAA9-11BF540F5701} = {F8FD516B-7513-4EC4-89F1-A03FE69C74F2}
		{0FF3CE0C-757C-4445-8126-5A7D9845E089} = {F8FD516B-7513-4EC4-89F1-A03FE69C74F2}
		{AAB2DC71-C072-4477-B3CB-2FDEC8E5A9D4} = {F8FD516B-7513-4EC4-89F1-A03FE69C74F2}
		{E0F21379-4A85-4B5D-A388-44C2C0614732} = {F8FD516B-7513-4EC4-89F1-A03FE69C74F2}
		{117DD36D-0861-4EAF-8D12-AA2713D31FE9} = {F8FD516B-7513-4EC4-89F1-A03FE69C74F2}
		{3253459F-162E-4729-BE74-A2F788A3AF66} = {F8FD516B-7513-4EC4-89F1-A03FE69C74F2}
	EndGlobalSection
EndGlobal
