
Microsoft Visual Studio Solution File, Format Version 12.00
# Visual Studio Version 17
VisualStudioVersion = 17.0.31903.59
MinimumVisualStudioVersion = 10.0.40219.1
Project("{FAE04EC0-301F-11D3-BF4B-00C04F79EFBC}") = "PulseTrack.Api", "src\Api\PulseTrack.Api.csproj", "{9FAA9003-BC12-45FE-A00C-F516D5647067}"
EndProject
Project("{FAE04EC0-301F-11D3-BF4B-00C04F79EFBC}") = "PulseTrack.Application", "src\Application\PulseTrack.Application.csproj", "{2186239A-A9D2-4949-A2FB-20011379A2B5}"
EndProject
Project("{FAE04EC0-301F-11D3-BF4B-00C04F79EFBC}") = "PulseTrack.Domain", "src\Domain\PulseTrack.Domain.csproj", "{CB0001E0-8375-47B5-960D-DF75492B4095}"
EndProject
Project("{FAE04EC0-301F-11D3-BF4B-00C04F79EFBC}") = "PulseTrack.Infrastructure", "src\Infrastructure\PulseTrack.Infrastructure.csproj", "{1DDBCB40-C0ED-471A-9A63-E2A7CF38F65A}"
EndProject
Project("{FAE04EC0-301F-11D3-BF4B-00C04F79EFBC}") = "PulseTrack.Infrastructure.Persistence", "src\Infrastructure.Persistence\PulseTrack.Infrastructure.Persistence.csproj", "{25276C42-C0AE-4E3A-9E01-FD629C4E7EC2}"
EndProject
Project("{FAE04EC0-301F-11D3-BF4B-00C04F79EFBC}") = "PulseTrack.BackgroundJobs.Worker", "src\BackgroundJobs.Worker\PulseTrack.BackgroundJobs.Worker.csproj", "{9F14655C-0C4A-4884-82F7-D96D78D6E79A}"
EndProject
Project("{2150E333-8FDC-42A3-9474-1A3956D46DE8}") = "Api", "Api", "{FD2E9186-DEE9-4FA2-AFC0-F855783BB469}"
EndProject
Project("{2150E333-8FDC-42A3-9474-1A3956D46DE8}") = "Core", "Core", "{FB6F25FA-CD9F-4E05-ACCA-050F02DB3E2F}"
EndProject
Project("{2150E333-8FDC-42A3-9474-1A3956D46DE8}") = "Infrastructure", "Infrastructure", "{4F5CE4ED-1258-4F0C-B40B-4FCC013E6B69}"
EndProject
Project("{FAE04EC0-301F-11D3-BF4B-00C04F79EFBC}") = "PulseTrack.Api.Endpoints", "src\Api.Endpoints\PulseTrack.Api.Endpoints.csproj", "{A26238B5-D1B8-426C-9FB4-0C6802CA5393}"
EndProject
Project("{FAE04EC0-301F-11D3-BF4B-00C04F79EFBC}") = "PulseTrack.Shared", "src\Shared\PulseTrack.Shared.csproj", "{D75F86C7-EF38-4FE1-B0AD-EBEC57348752}"
EndProject
Global
	GlobalSection(SolutionConfigurationPlatforms) = preSolution
		Debug|Any CPU = Debug|Any CPU
		Release|Any CPU = Release|Any CPU
	EndGlobalSection
	GlobalSection(SolutionProperties) = preSolution
		HideSolutionNode = FALSE
	EndGlobalSection
	GlobalSection(ProjectConfigurationPlatforms) = postSolution
		{9FAA9003-BC12-45FE-A00C-F516D5647067}.Debug|Any CPU.ActiveCfg = Debug|Any CPU
		{9FAA9003-BC12-45FE-A00C-F516D5647067}.Debug|Any CPU.Build.0 = Debug|Any CPU
		{9FAA9003-BC12-45FE-A00C-F516D5647067}.Release|Any CPU.ActiveCfg = Release|Any CPU
		{9FAA9003-BC12-45FE-A00C-F516D5647067}.Release|Any CPU.Build.0 = Release|Any CPU
		{2186239A-A9D2-4949-A2FB-20011379A2B5}.Debug|Any CPU.ActiveCfg = Debug|Any CPU
		{2186239A-A9D2-4949-A2FB-20011379A2B5}.Debug|Any CPU.Build.0 = Debug|Any CPU
		{2186239A-A9D2-4949-A2FB-20011379A2B5}.Release|Any CPU.ActiveCfg = Release|Any CPU
		{2186239A-A9D2-4949-A2FB-20011379A2B5}.Release|Any CPU.Build.0 = Release|Any CPU
		{CB0001E0-8375-47B5-960D-DF75492B4095}.Debug|Any CPU.ActiveCfg = Debug|Any CPU
		{CB0001E0-8375-47B5-960D-DF75492B4095}.Debug|Any CPU.Build.0 = Debug|Any CPU
		{CB0001E0-8375-47B5-960D-DF75492B4095}.Release|Any CPU.ActiveCfg = Release|Any CPU
		{CB0001E0-8375-47B5-960D-DF75492B4095}.Release|Any CPU.Build.0 = Release|Any CPU
		{1DDBCB40-C0ED-471A-9A63-E2A7CF38F65A}.Debug|Any CPU.ActiveCfg = Debug|Any CPU
		{1DDBCB40-C0ED-471A-9A63-E2A7CF38F65A}.Debug|Any CPU.Build.0 = Debug|Any CPU
		{1DDBCB40-C0ED-471A-9A63-E2A7CF38F65A}.Release|Any CPU.ActiveCfg = Release|Any CPU
		{1DDBCB40-C0ED-471A-9A63-E2A7CF38F65A}.Release|Any CPU.Build.0 = Release|Any CPU
		{25276C42-C0AE-4E3A-9E01-FD629C4E7EC2}.Debug|Any CPU.ActiveCfg = Debug|Any CPU
		{25276C42-C0AE-4E3A-9E01-FD629C4E7EC2}.Debug|Any CPU.Build.0 = Debug|Any CPU
		{25276C42-C0AE-4E3A-9E01-FD629C4E7EC2}.Release|Any CPU.ActiveCfg = Release|Any CPU
		{25276C42-C0AE-4E3A-9E01-FD629C4E7EC2}.Release|Any CPU.Build.0 = Release|Any CPU
		{9F14655C-0C4A-4884-82F7-D96D78D6E79A}.Debug|Any CPU.ActiveCfg = Debug|Any CPU
		{9F14655C-0C4A-4884-82F7-D96D78D6E79A}.Debug|Any CPU.Build.0 = Debug|Any CPU
		{9F14655C-0C4A-4884-82F7-D96D78D6E79A}.Release|Any CPU.ActiveCfg = Release|Any CPU
		{9F14655C-0C4A-4884-82F7-D96D78D6E79A}.Release|Any CPU.Build.0 = Release|Any CPU
		{A26238B5-D1B8-426C-9FB4-0C6802CA5393}.Debug|Any CPU.ActiveCfg = Debug|Any CPU
		{A26238B5-D1B8-426C-9FB4-0C6802CA5393}.Debug|Any CPU.Build.0 = Debug|Any CPU
		{A26238B5-D1B8-426C-9FB4-0C6802CA5393}.Release|Any CPU.ActiveCfg = Release|Any CPU
		{A26238B5-D1B8-426C-9FB4-0C6802CA5393}.Release|Any CPU.Build.0 = Release|Any CPU
		{D75F86C7-EF38-4FE1-B0AD-EBEC57348752}.Debug|Any CPU.ActiveCfg = Debug|Any CPU
		{D75F86C7-EF38-4FE1-B0AD-EBEC57348752}.Debug|Any CPU.Build.0 = Debug|Any CPU
		{D75F86C7-EF38-4FE1-B0AD-EBEC57348752}.Release|Any CPU.ActiveCfg = Release|Any CPU
		{D75F86C7-EF38-4FE1-B0AD-EBEC57348752}.Release|Any CPU.Build.0 = Release|Any CPU
	EndGlobalSection
	GlobalSection(NestedProjects) = preSolution
		{9FAA9003-BC12-45FE-A00C-F516D5647067} = {FD2E9186-DEE9-4FA2-AFC0-F855783BB469}
		{2186239A-A9D2-4949-A2FB-20011379A2B5} = {FB6F25FA-CD9F-4E05-ACCA-050F02DB3E2F}
		{CB0001E0-8375-47B5-960D-DF75492B4095} = {FB6F25FA-CD9F-4E05-ACCA-050F02DB3E2F}
		{9F14655C-0C4A-4884-82F7-D96D78D6E79A} = {4F5CE4ED-1258-4F0C-B40B-4FCC013E6B69}
		{1DDBCB40-C0ED-471A-9A63-E2A7CF38F65A} = {4F5CE4ED-1258-4F0C-B40B-4FCC013E6B69}
		{25276C42-C0AE-4E3A-9E01-FD629C4E7EC2} = {4F5CE4ED-1258-4F0C-B40B-4FCC013E6B69}
		{A26238B5-D1B8-426C-9FB4-0C6802CA5393} = {FD2E9186-DEE9-4FA2-AFC0-F855783BB469}
		{D75F86C7-EF38-4FE1-B0AD-EBEC57348752} = {FB6F25FA-CD9F-4E05-ACCA-050F02DB3E2F}
	EndGlobalSection
EndGlobal
